
Microsoft Visual Studio Solution File, Format Version 12.00
# Visual Studio Version 17
VisualStudioVersion = 17.3.32929.385
MinimumVisualStudioVersion = 10.0.40219.1
Project("{FAE04EC0-301F-11D3-BF4B-00C04F79EFBC}") = "AproxLib", "AproxLib\AproxLib.csproj", "{0B204F60-D5D8-470C-B9F8-F3762BB182F3}"
EndProject
Project("{FAE04EC0-301F-11D3-BF4B-00C04F79EFBC}") = "TestApproximation", "TestApproximation\TestApproximation.csproj", "{F5B67367-B58D-4E71-977C-F5EA7474525C}"
EndProject
Global
	GlobalSection(SolutionConfigurationPlatforms) = preSolution
		Debug|Any CPU = Debug|Any CPU
		Release|Any CPU = Release|Any CPU
	EndGlobalSection
	GlobalSection(ProjectConfigurationPlatforms) = postSolution
		{0B204F60-D5D8-470C-B9F8-F3762BB182F3}.Debug|Any CPU.ActiveCfg = Debug|Any CPU
		{0B204F60-D5D8-470C-B9F8-F3762BB182F3}.Debug|Any CPU.Build.0 = Debug|Any CPU
		{0B204F60-D5D8-470C-B9F8-F3762BB182F3}.Release|Any CPU.ActiveCfg = Release|Any CPU
		{0B204F60-D5D8-470C-B9F8-F3762BB182F3}.Release|Any CPU.Build.0 = Release|Any CPU
		{F5B67367-B58D-4E71-977C-F5EA7474525C}.Debug|Any CPU.ActiveCfg = Debug|Any CPU
		{F5B67367-B58D-4E71-977C-F5EA7474525C}.Debug|Any CPU.Build.0 = Debug|Any CPU
		{F5B67367-B58D-4E71-977C-F5EA7474525C}.Release|Any CPU.ActiveCfg = Release|Any CPU
		{F5B67367-B58D-4E71-977C-F5EA7474525C}.Release|Any CPU.Build.0 = Release|Any CPU
	EndGlobalSection
	GlobalSection(SolutionProperties) = preSolution
		HideSolutionNode = FALSE
	EndGlobalSection
	GlobalSection(ExtensibilityGlobals) = postSolution
		SolutionGuid = {43F873C1-9423-4598-969E-8DA08E90FF8D}
	EndGlobalSection
EndGlobal
